
Microsoft Visual Studio Solution File, Format Version 12.00
# Visual Studio 15
VisualStudioVersion = 15.0.28307.271
MinimumVisualStudioVersion = 10.0.40219.1
Project("{FAE04EC0-301F-11D3-BF4B-00C04F79EFBC}") = "App1.Android", "App1\App1.Android\App1.Android.csproj", "{FECA73C9-0928-4E12-8C62-F3B32DB5CAC9}"
EndProject
Project("{FAE04EC0-301F-11D3-BF4B-00C04F79EFBC}") = "App1.iOS", "App1\App1.iOS\App1.iOS.csproj", "{A3185650-8683-427A-B3B7-4DA00B829AC7}"
EndProject
Project("{FAE04EC0-301F-11D3-BF4B-00C04F79EFBC}") = "App1", "App1\App1\App1.csproj", "{229E0160-D926-4DB0-92E9-DFDC20F57624}"
EndProject
Global
	GlobalSection(SolutionConfigurationPlatforms) = preSolution
		Ad-Hoc|Any CPU = Ad-Hoc|Any CPU
		Ad-Hoc|iPhone = Ad-Hoc|iPhone
		Ad-Hoc|iPhoneSimulator = Ad-Hoc|iPhoneSimulator
		AppStore|Any CPU = AppStore|Any CPU
		AppStore|iPhone = AppStore|iPhone
		AppStore|iPhoneSimulator = AppStore|iPhoneSimulator
		Debug|Any CPU = Debug|Any CPU
		Debug|iPhone = Debug|iPhone
		Debug|iPhoneSimulator = Debug|iPhoneSimulator
		Release|Any CPU = Release|Any CPU
		Release|iPhone = Release|iPhone
		Release|iPhoneSimulator = Release|iPhoneSimulator
	EndGlobalSection
	GlobalSection(ProjectConfigurationPlatforms) = postSolution
		{FECA73C9-0928-4E12-8C62-F3B32DB5CAC9}.Ad-Hoc|Any CPU.ActiveCfg = Release|Any CPU
		{FECA73C9-0928-4E12-8C62-F3B32DB5CAC9}.Ad-Hoc|Any CPU.Build.0 = Release|Any CPU
		{FECA73C9-0928-4E12-8C62-F3B32DB5CAC9}.Ad-Hoc|Any CPU.Deploy.0 = Release|Any CPU
		{FECA73C9-0928-4E12-8C62-F3B32DB5CAC9}.Ad-Hoc|iPhone.ActiveCfg = Release|Any CPU
		{FECA73C9-0928-4E12-8C62-F3B32DB5CAC9}.Ad-Hoc|iPhone.Build.0 = Release|Any CPU
		{FECA73C9-0928-4E12-8C62-F3B32DB5CAC9}.Ad-Hoc|iPhone.Deploy.0 = Release|Any CPU
		{FECA73C9-0928-4E12-8C62-F3B32DB5CAC9}.Ad-Hoc|iPhoneSimulator.ActiveCfg = Release|Any CPU
		{FECA73C9-0928-4E12-8C62-F3B32DB5CAC9}.Ad-Hoc|iPhoneSimulator.Build.0 = Release|Any CPU
		{FECA73C9-0928-4E12-8C62-F3B32DB5CAC9}.Ad-Hoc|iPhoneSimulator.Deploy.0 = Release|Any CPU
		{FECA73C9-0928-4E12-8C62-F3B32DB5CAC9}.AppStore|Any CPU.ActiveCfg = Release|Any CPU
		{FECA73C9-0928-4E12-8C62-F3B32DB5CAC9}.AppStore|Any CPU.Build.0 = Release|Any CPU
		{FECA73C9-0928-4E12-8C62-F3B32DB5CAC9}.AppStore|Any CPU.Deploy.0 = Release|Any CPU
		{FECA73C9-0928-4E12-8C62-F3B32DB5CAC9}.AppStore|iPhone.ActiveCfg = Release|Any CPU
		{FECA73C9-0928-4E12-8C62-F3B32DB5CAC9}.AppStore|iPhone.Build.0 = Release|Any CPU
		{FECA73C9-0928-4E12-8C62-F3B32DB5CAC9}.AppStore|iPhone.Deploy.0 = Release|Any CPU
		{FECA73C9-0928-4E12-8C62-F3B32DB5CAC9}.AppStore|iPhoneSimulator.ActiveCfg = Release|Any CPU
		{FECA73C9-0928-4E12-8C62-F3B32DB5CAC9}.AppStore|iPhoneSimulator.Build.0 = Release|Any CPU
		{FECA73C9-0928-4E12-8C62-F3B32DB5CAC9}.AppStore|iPhoneSimulator.Deploy.0 = Release|Any CPU
		{FECA73C9-0928-4E12-8C62-F3B32DB5CAC9}.Debug|Any CPU.ActiveCfg = Debug|Any CPU
		{FECA73C9-0928-4E12-8C62-F3B32DB5CAC9}.Debug|Any CPU.Build.0 = Debug|Any CPU
		{FECA73C9-0928-4E12-8C62-F3B32DB5CAC9}.Debug|Any CPU.Deploy.0 = Debug|Any CPU
		{FECA73C9-0928-4E12-8C62-F3B32DB5CAC9}.Debug|iPhone.ActiveCfg = Debug|Any CPU
		{FECA73C9-0928-4E12-8C62-F3B32DB5CAC9}.Debug|iPhone.Build.0 = Debug|Any CPU
		{FECA73C9-0928-4E12-8C62-F3B32DB5CAC9}.Debug|iPhone.Deploy.0 = Debug|Any CPU
		{FECA73C9-0928-4E12-8C62-F3B32DB5CAC9}.Debug|iPhoneSimulator.ActiveCfg = Debug|Any CPU
		{FECA73C9-0928-4E12-8C62-F3B32DB5CAC9}.Debug|iPhoneSimulator.Build.0 = Debug|Any CPU
		{FECA73C9-0928-4E12-8C62-F3B32DB5CAC9}.Debug|iPhoneSimulator.Deploy.0 = Debug|Any CPU
		{FECA73C9-0928-4E12-8C62-F3B32DB5CAC9}.Release|Any CPU.ActiveCfg = Release|Any CPU
		{FECA73C9-0928-4E12-8C62-F3B32DB5CAC9}.Release|Any CPU.Build.0 = Release|Any CPU
		{FECA73C9-0928-4E12-8C62-F3B32DB5CAC9}.Release|Any CPU.Deploy.0 = Release|Any CPU
		{FECA73C9-0928-4E12-8C62-F3B32DB5CAC9}.Release|iPhone.ActiveCfg = Release|Any CPU
		{FECA73C9-0928-4E12-8C62-F3B32DB5CAC9}.Release|iPhone.Build.0 = Release|Any CPU
		{FECA73C9-0928-4E12-8C62-F3B32DB5CAC9}.Release|iPhone.Deploy.0 = Release|Any CPU
		{FECA73C9-0928-4E12-8C62-F3B32DB5CAC9}.Release|iPhoneSimulator.ActiveCfg = Release|Any CPU
		{FECA73C9-0928-4E12-8C62-F3B32DB5CAC9}.Release|iPhoneSimulator.Build.0 = Release|Any CPU
		{FECA73C9-0928-4E12-8C62-F3B32DB5CAC9}.Release|iPhoneSimulator.Deploy.0 = Release|Any CPU
		{A3185650-8683-427A-B3B7-4DA00B829AC7}.Ad-Hoc|Any CPU.ActiveCfg = Ad-Hoc|iPhone
		{A3185650-8683-427A-B3B7-4DA00B829AC7}.Ad-Hoc|Any CPU.Build.0 = Ad-Hoc|iPhone
		{A3185650-8683-427A-B3B7-4DA00B829AC7}.Ad-Hoc|Any CPU.Deploy.0 = Ad-Hoc|iPhone
		{A3185650-8683-427A-B3B7-4DA00B829AC7}.Ad-Hoc|iPhone.ActiveCfg = Ad-Hoc|iPhone
		{A3185650-8683-427A-B3B7-4DA00B829AC7}.Ad-Hoc|iPhone.Build.0 = Ad-Hoc|iPhone
		{A3185650-8683-427A-B3B7-4DA00B829AC7}.Ad-Hoc|iPhone.Deploy.0 = Ad-Hoc|iPhone
		{A3185650-8683-427A-B3B7-4DA00B829AC7}.Ad-Hoc|iPhoneSimulator.ActiveCfg = Ad-Hoc|iPhoneSimulator
		{A3185650-8683-427A-B3B7-4DA00B829AC7}.Ad-Hoc|iPhoneSimulator.Build.0 = Ad-Hoc|iPhoneSimulator
		{A3185650-8683-427A-B3B7-4DA00B829AC7}.Ad-Hoc|iPhoneSimulator.Deploy.0 = Ad-Hoc|iPhoneSimulator
		{A3185650-8683-427A-B3B7-4DA00B829AC7}.AppStore|Any CPU.ActiveCfg = AppStore|iPhone
		{A3185650-8683-427A-B3B7-4DA00B829AC7}.AppStore|Any CPU.Build.0 = AppStore|iPhone
		{A3185650-8683-427A-B3B7-4DA00B829AC7}.AppStore|Any CPU.Deploy.0 = AppStore|iPhone
		{A3185650-8683-427A-B3B7-4DA00B829AC7}.AppStore|iPhone.ActiveCfg = AppStore|iPhone
		{A3185650-8683-427A-B3B7-4DA00B829AC7}.AppStore|iPhone.Build.0 = AppStore|iPhone
		{A3185650-8683-427A-B3B7-4DA00B829AC7}.AppStore|iPhone.Deploy.0 = AppStore|iPhone
		{A3185650-8683-427A-B3B7-4DA00B829AC7}.AppStore|iPhoneSimulator.ActiveCfg = AppStore|iPhoneSimulator
		{A3185650-8683-427A-B3B7-4DA00B829AC7}.AppStore|iPhoneSimulator.Build.0 = AppStore|iPhoneSimulator
		{A3185650-8683-427A-B3B7-4DA00B829AC7}.AppStore|iPhoneSimulator.Deploy.0 = AppStore|iPhoneSimulator
		{A3185650-8683-427A-B3B7-4DA00B829AC7}.Debug|Any CPU.ActiveCfg = Debug|iPhoneSimulator
		{A3185650-8683-427A-B3B7-4DA00B829AC7}.Debug|Any CPU.Build.0 = Debug|iPhoneSimulator
		{A3185650-8683-427A-B3B7-4DA00B829AC7}.Debug|Any CPU.Deploy.0 = Debug|iPhoneSimulator
		{A3185650-8683-427A-B3B7-4DA00B829AC7}.Debug|iPhone.ActiveCfg = Debug|iPhone
		{A3185650-8683-427A-B3B7-4DA00B829AC7}.Debug|iPhone.Build.0 = Debug|iPhone
		{A3185650-8683-427A-B3B7-4DA00B829AC7}.Debug|iPhone.Deploy.0 = Debug|iPhone
		{A3185650-8683-427A-B3B7-4DA00B829AC7}.Debug|iPhoneSimulator.ActiveCfg = Debug|iPhoneSimulator
		{A3185650-8683-427A-B3B7-4DA00B829AC7}.Debug|iPhoneSimulator.Build.0 = Debug|iPhoneSimulator
		{A3185650-8683-427A-B3B7-4DA00B829AC7}.Debug|iPhoneSimulator.Deploy.0 = Debug|iPhoneSimulator
		{A3185650-8683-427A-B3B7-4DA00B829AC7}.Release|Any CPU.ActiveCfg = Release|iPhone
		{A3185650-8683-427A-B3B7-4DA00B829AC7}.Release|Any CPU.Build.0 = Release|iPhone
		{A3185650-8683-427A-B3B7-4DA00B829AC7}.Release|Any CPU.Deploy.0 = Release|iPhone
		{A3185650-8683-427A-B3B7-4DA00B829AC7}.Release|iPhone.ActiveCfg = Release|iPhone
		{A3185650-8683-427A-B3B7-4DA00B829AC7}.Release|iPhone.Build.0 = Release|iPhone
		{A3185650-8683-427A-B3B7-4DA00B829AC7}.Release|iPhone.Deploy.0 = Release|iPhone
		{A3185650-8683-427A-B3B7-4DA00B829AC7}.Release|iPhoneSimulator.ActiveCfg = Release|iPhoneSimulator
		{A3185650-8683-427A-B3B7-4DA00B829AC7}.Release|iPhoneSimulator.Build.0 = Release|iPhoneSimulator
		{A3185650-8683-427A-B3B7-4DA00B829AC7}.Release|iPhoneSimulator.Deploy.0 = Release|iPhoneSimulator
		{229E0160-D926-4DB0-92E9-DFDC20F57624}.Ad-Hoc|Any CPU.ActiveCfg = Debug|Any CPU
		{229E0160-D926-4DB0-92E9-DFDC20F57624}.Ad-Hoc|Any CPU.Build.0 = Debug|Any CPU
		{229E0160-D926-4DB0-92E9-DFDC20F57624}.Ad-Hoc|Any CPU.Deploy.0 = Debug|Any CPU
		{229E0160-D926-4DB0-92E9-DFDC20F57624}.Ad-Hoc|iPhone.ActiveCfg = Debug|Any CPU
		{229E0160-D926-4DB0-92E9-DFDC20F57624}.Ad-Hoc|iPhone.Build.0 = Debug|Any CPU
		{229E0160-D926-4DB0-92E9-DFDC20F57624}.Ad-Hoc|iPhone.Deploy.0 = Debug|Any CPU
		{229E0160-D926-4DB0-92E9-DFDC20F57624}.Ad-Hoc|iPhoneSimulator.ActiveCfg = Debug|Any CPU
		{229E0160-D926-4DB0-92E9-DFDC20F57624}.Ad-Hoc|iPhoneSimulator.Build.0 = Debug|Any CPU
		{229E0160-D926-4DB0-92E9-DFDC20F57624}.Ad-Hoc|iPhoneSimulator.Deploy.0 = Debug|Any CPU
		{229E0160-D926-4DB0-92E9-DFDC20F57624}.AppStore|Any CPU.ActiveCfg = Debug|Any CPU
		{229E0160-D926-4DB0-92E9-DFDC20F57624}.AppStore|Any CPU.Build.0 = Debug|Any CPU
		{229E0160-D926-4DB0-92E9-DFDC20F57624}.AppStore|Any CPU.Deploy.0 = Debug|Any CPU
		{229E0160-D926-4DB0-92E9-DFDC20F57624}.AppStore|iPhone.ActiveCfg = Debug|Any CPU
		{229E0160-D926-4DB0-92E9-DFDC20F57624}.AppStore|iPhone.Build.0 = Debug|Any CPU
		{229E0160-D926-4DB0-92E9-DFDC20F57624}.AppStore|iPhone.Deploy.0 = Debug|Any CPU
		{229E0160-D926-4DB0-92E9-DFDC20F57624}.AppStore|iPhoneSimulator.ActiveCfg = Debug|Any CPU
		{229E0160-D926-4DB0-92E9-DFDC20F57624}.AppStore|iPhoneSimulator.Build.0 = Debug|Any CPU
		{229E0160-D926-4DB0-92E9-DFDC20F57624}.AppStore|iPhoneSimulator.Deploy.0 = Debug|Any CPU
		{229E0160-D926-4DB0-92E9-DFDC20F57624}.Debug|Any CPU.ActiveCfg = Debug|Any CPU
		{229E0160-D926-4DB0-92E9-DFDC20F57624}.Debug|Any CPU.Build.0 = Debug|Any CPU
		{229E0160-D926-4DB0-92E9-DFDC20F57624}.Debug|Any CPU.Deploy.0 = Debug|Any CPU
		{229E0160-D926-4DB0-92E9-DFDC20F57624}.Debug|iPhone.ActiveCfg = Debug|Any CPU
		{229E0160-D926-4DB0-92E9-DFDC20F57624}.Debug|iPhone.Build.0 = Debug|Any CPU
		{229E0160-D926-4DB0-92E9-DFDC20F57624}.Debug|iPhone.Deploy.0 = Debug|Any CPU
		{229E0160-D926-4DB0-92E9-DFDC20F57624}.Debug|iPhoneSimulator.ActiveCfg = Debug|Any CPU
		{229E0160-D926-4DB0-92E9-DFDC20F57624}.Debug|iPhoneSimulator.Build.0 = Debug|Any CPU
		{229E0160-D926-4DB0-92E9-DFDC20F57624}.Debug|iPhoneSimulator.Deploy.0 = Debug|Any CPU
		{229E0160-D926-4DB0-92E9-DFDC20F57624}.Release|Any CPU.ActiveCfg = Release|Any CPU
		{229E0160-D926-4DB0-92E9-DFDC20F57624}.Release|Any CPU.Build.0 = Release|Any CPU
		{229E0160-D926-4DB0-92E9-DFDC20F57624}.Release|Any CPU.Deploy.0 = Release|Any CPU
		{229E0160-D926-4DB0-92E9-DFDC20F57624}.Release|iPhone.ActiveCfg = Release|Any CPU
		{229E0160-D926-4DB0-92E9-DFDC20F57624}.Release|iPhone.Build.0 = Release|Any CPU
		{229E0160-D926-4DB0-92E9-DFDC20F57624}.Release|iPhone.Deploy.0 = Release|Any CPU
		{229E0160-D926-4DB0-92E9-DFDC20F57624}.Release|iPhoneSimulator.ActiveCfg = Release|Any CPU
		{229E0160-D926-4DB0-92E9-DFDC20F57624}.Release|iPhoneSimulator.Build.0 = Release|Any CPU
		{229E0160-D926-4DB0-92E9-DFDC20F57624}.Release|iPhoneSimulator.Deploy.0 = Release|Any CPU
	EndGlobalSection
	GlobalSection(SolutionProperties) = preSolution
		HideSolutionNode = FALSE
	EndGlobalSection
	GlobalSection(ExtensibilityGlobals) = postSolution
		SolutionGuid = {5A76F369-4A6B-4FCB-9B28-E6995E383299}
	EndGlobalSection
EndGlobal
